
Microsoft Visual Studio Solution File, Format Version 12.00
# Visual Studio Version 17
VisualStudioVersion = 17.4.33403.182
MinimumVisualStudioVersion = 10.0.40219.1
Project("{2150E333-8FDC-42A3-9474-1A3956D46DE8}") = "Solution Items", "Solution Items", "{C9152119-5ADB-4376-B912-58F80768B327}"
	ProjectSection(SolutionItems) = preProject
		1) Microservice-Giriş.txt = 1) Microservice-Giriş.txt
		2)Microservice-Tracing.txt = 2)Microservice-Tracing.txt
		3)Microservice-Güvenlik.txt = 3)Microservice-Güvenlik.txt
		4)Microservice-Veri Tutarlılığı.txt = 4)Microservice-Veri Tutarlılığı.txt
	EndProjectSection
EndProject
Project("{2150E333-8FDC-42A3-9474-1A3956D46DE8}") = "1-Microservice-Example", "1-Microservice-Example", "{96197536-FB52-41AF-8241-494D8D2ABF3B}"
EndProject
Project("{9A19103F-16F7-4668-BE54-9A1E7A4F7556}") = "Order.API", "1-Microservice-Example\Order.API\Order.API.csproj", "{7DB53541-7270-442F-8059-44051FCCBAD1}"
EndProject
Project("{9A19103F-16F7-4668-BE54-9A1E7A4F7556}") = "Shared", "1-Microservice-Example\Shared\Shared.csproj", "{AB2C020B-9654-4EA1-96CD-255085403F4D}"
EndProject
Project("{9A19103F-16F7-4668-BE54-9A1E7A4F7556}") = "Stock.API", "1-Microservice-Example\Stock.API\Stock.API.csproj", "{5A860FDD-4678-4C4A-B8CE-1DCA09784E9E}"
EndProject
Project("{9A19103F-16F7-4668-BE54-9A1E7A4F7556}") = "Payment.API", "1-Microservice-Example\Payment.API\Payment.API.csproj", "{1A7F4D3D-F2DB-4E3F-8B8E-B8520969C766}"
EndProject
Project("{2150E333-8FDC-42A3-9474-1A3956D46DE8}") = "2-2PC-Example", "2-2PC-Example", "{AD65E3F7-9418-4788-B98E-1EEC929FD739}"
EndProject
Project("{9A19103F-16F7-4668-BE54-9A1E7A4F7556}") = "2PC.Order", "2-2PC-Example\2PC.Order\2PC.Order.csproj", "{358184AC-C985-4E94-BD02-8C73255600A1}"
EndProject
Project("{9A19103F-16F7-4668-BE54-9A1E7A4F7556}") = "2PC.Stock", "2-2PC-Example\2PC.Stock\2PC.Stock.csproj", "{04DA4680-4C03-43BD-85BF-5679FFB5B05D}"
EndProject
Project("{9A19103F-16F7-4668-BE54-9A1E7A4F7556}") = "2PC.Coordinator", "2-2PC-Example\2PC.Coordinator\2PC.Coordinator.csproj", "{62DC49CE-1DFC-4A56-8B22-7FF4BAC12C06}"
EndProject
Project("{9A19103F-16F7-4668-BE54-9A1E7A4F7556}") = "2PC.Payment", "2-2PC-Example\2PC.Payment\2PC.Payment.csproj", "{8F6CF977-00F7-400F-BA2B-A217ACB07A01}"
EndProject
Project("{2150E333-8FDC-42A3-9474-1A3956D46DE8}") = "3-Saga-Choreography-Example", "3-Saga-Choreography-Example", "{6CE7B097-2DC2-486F-96C4-05741EC655BA}"
EndProject
Project("{FAE04EC0-301F-11D3-BF4B-00C04F79EFBC}") = "Saga.Choreography.Order.API", "3-Saga-Choreography-Example\Saga.Choreography.Order.API\Saga.Choreography.Order.API.csproj", "{FA859463-A639-4305-AECB-EF26B99FE06E}"
EndProject
Project("{FAE04EC0-301F-11D3-BF4B-00C04F79EFBC}") = "Saga.Choreography.Payment.API", "3-Saga-Choreography-Example\Saga.Choreography.Payment.API\Saga.Choreography.Payment.API.csproj", "{8D5B4CC0-417F-4653-94D1-F91FE4558C87}"
EndProject
Project("{FAE04EC0-301F-11D3-BF4B-00C04F79EFBC}") = "Saga.Choreography.Stock.API", "3-Saga-Choreography-Example\Saga.Choreography.Stock.API\Saga.Choreography.Stock.API.csproj", "{D703412D-8998-4934-9BAF-2066A1F0A963}"
EndProject
Project("{FAE04EC0-301F-11D3-BF4B-00C04F79EFBC}") = "Saga.Choreography.Shared", "3-Saga-Choreography-Example\Saga.Choreography.Shared\Saga.Choreography.Shared.csproj", "{6FEF3AA1-35D5-4C81-9A31-5298A79EC6F2}"
EndProject
Project("{2150E333-8FDC-42A3-9474-1A3956D46DE8}") = "4-Saga-Orchestration-Example", "4-Saga-Orchestration-Example", "{3CFBC029-0575-48F4-9062-E993A04D4C9A}"
EndProject
Project("{FAE04EC0-301F-11D3-BF4B-00C04F79EFBC}") = "Saga.Orchestration.Stock.API", "4-Saga-Orchestration-Example\Saga.Orchestration.Stock.API\Saga.Orchestration.Stock.API.csproj", "{8E7295BD-A4FF-45CC-B8BD-A4CF166EACCF}"
EndProject
Project("{FAE04EC0-301F-11D3-BF4B-00C04F79EFBC}") = "Saga.Orchestration.Shared", "4-Saga-Orchestration-Example\Saga.Orchestration.Shared\Saga.Orchestration.Shared.csproj", "{B33A4BB0-FDD6-454B-A0C7-BD751479CABC}"
EndProject
Global
	GlobalSection(SolutionConfigurationPlatforms) = preSolution
		Debug|Any CPU = Debug|Any CPU
		Release|Any CPU = Release|Any CPU
	EndGlobalSection
	GlobalSection(ProjectConfigurationPlatforms) = postSolution
		{7DB53541-7270-442F-8059-44051FCCBAD1}.Debug|Any CPU.ActiveCfg = Debug|Any CPU
		{7DB53541-7270-442F-8059-44051FCCBAD1}.Debug|Any CPU.Build.0 = Debug|Any CPU
		{7DB53541-7270-442F-8059-44051FCCBAD1}.Release|Any CPU.ActiveCfg = Release|Any CPU
		{7DB53541-7270-442F-8059-44051FCCBAD1}.Release|Any CPU.Build.0 = Release|Any CPU
		{AB2C020B-9654-4EA1-96CD-255085403F4D}.Debug|Any CPU.ActiveCfg = Debug|Any CPU
		{AB2C020B-9654-4EA1-96CD-255085403F4D}.Debug|Any CPU.Build.0 = Debug|Any CPU
		{AB2C020B-9654-4EA1-96CD-255085403F4D}.Release|Any CPU.ActiveCfg = Release|Any CPU
		{AB2C020B-9654-4EA1-96CD-255085403F4D}.Release|Any CPU.Build.0 = Release|Any CPU
		{5A860FDD-4678-4C4A-B8CE-1DCA09784E9E}.Debug|Any CPU.ActiveCfg = Debug|Any CPU
		{5A860FDD-4678-4C4A-B8CE-1DCA09784E9E}.Debug|Any CPU.Build.0 = Debug|Any CPU
		{5A860FDD-4678-4C4A-B8CE-1DCA09784E9E}.Release|Any CPU.ActiveCfg = Release|Any CPU
		{5A860FDD-4678-4C4A-B8CE-1DCA09784E9E}.Release|Any CPU.Build.0 = Release|Any CPU
		{1A7F4D3D-F2DB-4E3F-8B8E-B8520969C766}.Debug|Any CPU.ActiveCfg = Debug|Any CPU
		{1A7F4D3D-F2DB-4E3F-8B8E-B8520969C766}.Debug|Any CPU.Build.0 = Debug|Any CPU
		{1A7F4D3D-F2DB-4E3F-8B8E-B8520969C766}.Release|Any CPU.ActiveCfg = Release|Any CPU
		{1A7F4D3D-F2DB-4E3F-8B8E-B8520969C766}.Release|Any CPU.Build.0 = Release|Any CPU
		{358184AC-C985-4E94-BD02-8C73255600A1}.Debug|Any CPU.ActiveCfg = Debug|Any CPU
		{358184AC-C985-4E94-BD02-8C73255600A1}.Debug|Any CPU.Build.0 = Debug|Any CPU
		{358184AC-C985-4E94-BD02-8C73255600A1}.Release|Any CPU.ActiveCfg = Release|Any CPU
		{358184AC-C985-4E94-BD02-8C73255600A1}.Release|Any CPU.Build.0 = Release|Any CPU
		{04DA4680-4C03-43BD-85BF-5679FFB5B05D}.Debug|Any CPU.ActiveCfg = Debug|Any CPU
		{04DA4680-4C03-43BD-85BF-5679FFB5B05D}.Debug|Any CPU.Build.0 = Debug|Any CPU
		{04DA4680-4C03-43BD-85BF-5679FFB5B05D}.Release|Any CPU.ActiveCfg = Release|Any CPU
		{04DA4680-4C03-43BD-85BF-5679FFB5B05D}.Release|Any CPU.Build.0 = Release|Any CPU
		{62DC49CE-1DFC-4A56-8B22-7FF4BAC12C06}.Debug|Any CPU.ActiveCfg = Debug|Any CPU
		{62DC49CE-1DFC-4A56-8B22-7FF4BAC12C06}.Debug|Any CPU.Build.0 = Debug|Any CPU
		{62DC49CE-1DFC-4A56-8B22-7FF4BAC12C06}.Release|Any CPU.ActiveCfg = Release|Any CPU
		{62DC49CE-1DFC-4A56-8B22-7FF4BAC12C06}.Release|Any CPU.Build.0 = Release|Any CPU
		{8F6CF977-00F7-400F-BA2B-A217ACB07A01}.Debug|Any CPU.ActiveCfg = Debug|Any CPU
		{8F6CF977-00F7-400F-BA2B-A217ACB07A01}.Debug|Any CPU.Build.0 = Debug|Any CPU
		{8F6CF977-00F7-400F-BA2B-A217ACB07A01}.Release|Any CPU.ActiveCfg = Release|Any CPU
		{8F6CF977-00F7-400F-BA2B-A217ACB07A01}.Release|Any CPU.Build.0 = Release|Any CPU
		{FA859463-A639-4305-AECB-EF26B99FE06E}.Debug|Any CPU.ActiveCfg = Debug|Any CPU
		{FA859463-A639-4305-AECB-EF26B99FE06E}.Debug|Any CPU.Build.0 = Debug|Any CPU
		{FA859463-A639-4305-AECB-EF26B99FE06E}.Release|Any CPU.ActiveCfg = Release|Any CPU
		{FA859463-A639-4305-AECB-EF26B99FE06E}.Release|Any CPU.Build.0 = Release|Any CPU
		{8D5B4CC0-417F-4653-94D1-F91FE4558C87}.Debug|Any CPU.ActiveCfg = Debug|Any CPU
		{8D5B4CC0-417F-4653-94D1-F91FE4558C87}.Debug|Any CPU.Build.0 = Debug|Any CPU
		{8D5B4CC0-417F-4653-94D1-F91FE4558C87}.Release|Any CPU.ActiveCfg = Release|Any CPU
		{8D5B4CC0-417F-4653-94D1-F91FE4558C87}.Release|Any CPU.Build.0 = Release|Any CPU
		{D703412D-8998-4934-9BAF-2066A1F0A963}.Debug|Any CPU.ActiveCfg = Debug|Any CPU
		{D703412D-8998-4934-9BAF-2066A1F0A963}.Debug|Any CPU.Build.0 = Debug|Any CPU
		{D703412D-8998-4934-9BAF-2066A1F0A963}.Release|Any CPU.ActiveCfg = Release|Any CPU
		{D703412D-8998-4934-9BAF-2066A1F0A963}.Release|Any CPU.Build.0 = Release|Any CPU
		{6FEF3AA1-35D5-4C81-9A31-5298A79EC6F2}.Debug|Any CPU.ActiveCfg = Debug|Any CPU
		{6FEF3AA1-35D5-4C81-9A31-5298A79EC6F2}.Debug|Any CPU.Build.0 = Debug|Any CPU
		{6FEF3AA1-35D5-4C81-9A31-5298A79EC6F2}.Release|Any CPU.ActiveCfg = Release|Any CPU
		{6FEF3AA1-35D5-4C81-9A31-5298A79EC6F2}.Release|Any CPU.Build.0 = Release|Any CPU
		{8E7295BD-A4FF-45CC-B8BD-A4CF166EACCF}.Debug|Any CPU.ActiveCfg = Debug|Any CPU
		{8E7295BD-A4FF-45CC-B8BD-A4CF166EACCF}.Debug|Any CPU.Build.0 = Debug|Any CPU
		{8E7295BD-A4FF-45CC-B8BD-A4CF166EACCF}.Release|Any CPU.ActiveCfg = Release|Any CPU
		{8E7295BD-A4FF-45CC-B8BD-A4CF166EACCF}.Release|Any CPU.Build.0 = Release|Any CPU
		{B33A4BB0-FDD6-454B-A0C7-BD751479CABC}.Debug|Any CPU.ActiveCfg = Debug|Any CPU
		{B33A4BB0-FDD6-454B-A0C7-BD751479CABC}.Debug|Any CPU.Build.0 = Debug|Any CPU
		{B33A4BB0-FDD6-454B-A0C7-BD751479CABC}.Release|Any CPU.ActiveCfg = Release|Any CPU
		{B33A4BB0-FDD6-454B-A0C7-BD751479CABC}.Release|Any CPU.Build.0 = Release|Any CPU
	EndGlobalSection
	GlobalSection(SolutionProperties) = preSolution
		HideSolutionNode = FALSE
	EndGlobalSection
	GlobalSection(NestedProjects) = preSolution
		{7DB53541-7270-442F-8059-44051FCCBAD1} = {96197536-FB52-41AF-8241-494D8D2ABF3B}
		{AB2C020B-9654-4EA1-96CD-255085403F4D} = {96197536-FB52-41AF-8241-494D8D2ABF3B}
		{5A860FDD-4678-4C4A-B8CE-1DCA09784E9E} = {96197536-FB52-41AF-8241-494D8D2ABF3B}
		{1A7F4D3D-F2DB-4E3F-8B8E-B8520969C766} = {96197536-FB52-41AF-8241-494D8D2ABF3B}
		{358184AC-C985-4E94-BD02-8C73255600A1} = {AD65E3F7-9418-4788-B98E-1EEC929FD739}
		{04DA4680-4C03-43BD-85BF-5679FFB5B05D} = {AD65E3F7-9418-4788-B98E-1EEC929FD739}
		{62DC49CE-1DFC-4A56-8B22-7FF4BAC12C06} = {AD65E3F7-9418-4788-B98E-1EEC929FD739}
		{8F6CF977-00F7-400F-BA2B-A217ACB07A01} = {AD65E3F7-9418-4788-B98E-1EEC929FD739}
		{FA859463-A639-4305-AECB-EF26B99FE06E} = {6CE7B097-2DC2-486F-96C4-05741EC655BA}
		{8D5B4CC0-417F-4653-94D1-F91FE4558C87} = {6CE7B097-2DC2-486F-96C4-05741EC655BA}
		{D703412D-8998-4934-9BAF-2066A1F0A963} = {6CE7B097-2DC2-486F-96C4-05741EC655BA}
		{6FEF3AA1-35D5-4C81-9A31-5298A79EC6F2} = {6CE7B097-2DC2-486F-96C4-05741EC655BA}
		{8E7295BD-A4FF-45CC-B8BD-A4CF166EACCF} = {3CFBC029-0575-48F4-9062-E993A04D4C9A}
		{B33A4BB0-FDD6-454B-A0C7-BD751479CABC} = {3CFBC029-0575-48F4-9062-E993A04D4C9A}
	EndGlobalSection
	GlobalSection(ExtensibilityGlobals) = postSolution
		SolutionGuid = {DA1B1D76-CB10-4E2C-8DCE-6AD2787D2D65}
	EndGlobalSection
EndGlobal
